// !$*UTF8*$!
{
	archiveVersion = 1;
	classes = {
	};
	objectVersion = 46;
	objects = {

/* Begin PBXBuildFile section */
		517D5917915C4F6A9ABEDCB8 /* libPods-Specs.a in Frameworks */ = {isa = PBXBuildFile; fileRef = A17E5AC52FFB4D70AA00E3B1 /* libPods-Specs.a */; };
		940A45A51734100A00EA5788 /* BSTInjectorSpec.m in Sources */ = {isa = PBXBuildFile; fileRef = 940A45A41734100A00EA5788 /* BSTInjectorSpec.m */; };
		9415C15117319BF9003454F7 /* Foundation.framework in Frameworks */ = {isa = PBXBuildFile; fileRef = 9415C15017319BF9003454F7 /* Foundation.framework */; };
		9415C15617319BF9003454F7 /* Bestow.h in CopyFiles */ = {isa = PBXBuildFile; fileRef = 9415C15517319BF9003454F7 /* Bestow.h */; };
		9415C16017319BF9003454F7 /* SenTestingKit.framework in Frameworks */ = {isa = PBXBuildFile; fileRef = 9415C15F17319BF9003454F7 /* SenTestingKit.framework */; };
		9415C16217319BF9003454F7 /* UIKit.framework in Frameworks */ = {isa = PBXBuildFile; fileRef = 9415C16117319BF9003454F7 /* UIKit.framework */; };
		9415C16317319BF9003454F7 /* Foundation.framework in Frameworks */ = {isa = PBXBuildFile; fileRef = 9415C15017319BF9003454F7 /* Foundation.framework */; };
		9415C16617319BF9003454F7 /* libBestow.a in Frameworks */ = {isa = PBXBuildFile; fileRef = 9415C14D17319BF9003454F7 /* libBestow.a */; };
		948CCC621733F901002972A8 /* BSTCar.m in Sources */ = {isa = PBXBuildFile; fileRef = 948CCC5A1733F901002972A8 /* BSTCar.m */; };
		948CCC631733F901002972A8 /* BSTDriver.m in Sources */ = {isa = PBXBuildFile; fileRef = 948CCC5C1733F901002972A8 /* BSTDriver.m */; };
		948CCC641733F901002972A8 /* BSTEngine.m in Sources */ = {isa = PBXBuildFile; fileRef = 948CCC5E1733F901002972A8 /* BSTEngine.m */; };
		948CCC651733F901002972A8 /* BSTConstructorInjectionSpec.m in Sources */ = {isa = PBXBuildFile; fileRef = 948CCC601733F901002972A8 /* BSTConstructorInjectionSpec.m */; };
		948CCC6B1733FA58002972A8 /* BSTClassDependencySpec.m in Sources */ = {isa = PBXBuildFile; fileRef = 948CCC6A1733FA58002972A8 /* BSTClassDependencySpec.m */; };
		948CCC6D1733FAC0002972A8 /* BSTProtocolDependencySpec.m in Sources */ = {isa = PBXBuildFile; fileRef = 948CCC6C1733FAC0002972A8 /* BSTProtocolDependencySpec.m */; };
		948CCC741733FC84002972A8 /* BSTClassDependency.m in Sources */ = {isa = PBXBuildFile; fileRef = 948CCC731733FC84002972A8 /* BSTClassDependency.m */; };
		948CCC7D17340455002972A8 /* BSTProtocolDependency.m in Sources */ = {isa = PBXBuildFile; fileRef = 948CCC7C17340455002972A8 /* BSTProtocolDependency.m */; };
		948CCC8017340622002972A8 /* BSTInjector.m in Sources */ = {isa = PBXBuildFile; fileRef = 948CCC7F17340622002972A8 /* BSTInjector.m */; };
/* End PBXBuildFile section */

/* Begin PBXContainerItemProxy section */
		9415C16417319BF9003454F7 /* PBXContainerItemProxy */ = {
			isa = PBXContainerItemProxy;
			containerPortal = 9415C14517319BF9003454F7 /* Project object */;
			proxyType = 1;
			remoteGlobalIDString = 9415C14C17319BF9003454F7;
			remoteInfo = Bestow;
		};
/* End PBXContainerItemProxy section */

/* Begin PBXCopyFilesBuildPhase section */
		9415C14B17319BF9003454F7 /* CopyFiles */ = {
			isa = PBXCopyFilesBuildPhase;
			buildActionMask = 2147483647;
			dstPath = "include/${PRODUCT_NAME}";
			dstSubfolderSpec = 16;
			files = (
				9415C15617319BF9003454F7 /* Bestow.h in CopyFiles */,
			);
			runOnlyForDeploymentPostprocessing = 0;
		};
/* End PBXCopyFilesBuildPhase section */

/* Begin PBXFileReference section */
		940A45A41734100A00EA5788 /* BSTInjectorSpec.m */ = {isa = PBXFileReference; fileEncoding = 4; lastKnownFileType = sourcecode.c.objc; path = BSTInjectorSpec.m; sourceTree = "<group>"; };
		9415C14D17319BF9003454F7 /* libBestow.a */ = {isa = PBXFileReference; explicitFileType = archive.ar; includeInIndex = 0; path = libBestow.a; sourceTree = BUILT_PRODUCTS_DIR; };
		9415C15017319BF9003454F7 /* Foundation.framework */ = {isa = PBXFileReference; lastKnownFileType = wrapper.framework; name = Foundation.framework; path = System/Library/Frameworks/Foundation.framework; sourceTree = SDKROOT; };
		9415C15517319BF9003454F7 /* Bestow.h */ = {isa = PBXFileReference; lastKnownFileType = sourcecode.c.h; path = Bestow.h; sourceTree = "<group>"; };
		9415C15E17319BF9003454F7 /* Specs.octest */ = {isa = PBXFileReference; explicitFileType = wrapper.cfbundle; includeInIndex = 0; path = Specs.octest; sourceTree = BUILT_PRODUCTS_DIR; };
		9415C15F17319BF9003454F7 /* SenTestingKit.framework */ = {isa = PBXFileReference; lastKnownFileType = wrapper.framework; name = SenTestingKit.framework; path = Library/Frameworks/SenTestingKit.framework; sourceTree = DEVELOPER_DIR; };
		9415C16117319BF9003454F7 /* UIKit.framework */ = {isa = PBXFileReference; lastKnownFileType = wrapper.framework; name = UIKit.framework; path = Library/Frameworks/UIKit.framework; sourceTree = DEVELOPER_DIR; };
		948CCC321733C11C002972A8 /* BSTProvider.h */ = {isa = PBXFileReference; lastKnownFileType = sourcecode.c.h; path = BSTProvider.h; sourceTree = "<group>"; };
		948CCC591733F901002972A8 /* BSTCar.h */ = {isa = PBXFileReference; fileEncoding = 4; lastKnownFileType = sourcecode.c.h; path = BSTCar.h; sourceTree = "<group>"; };
		948CCC5A1733F901002972A8 /* BSTCar.m */ = {isa = PBXFileReference; fileEncoding = 4; lastKnownFileType = sourcecode.c.objc; path = BSTCar.m; sourceTree = "<group>"; };
		948CCC5B1733F901002972A8 /* BSTDriver.h */ = {isa = PBXFileReference; fileEncoding = 4; lastKnownFileType = sourcecode.c.h; path = BSTDriver.h; sourceTree = "<group>"; };
		948CCC5C1733F901002972A8 /* BSTDriver.m */ = {isa = PBXFileReference; fileEncoding = 4; lastKnownFileType = sourcecode.c.objc; path = BSTDriver.m; sourceTree = "<group>"; };
		948CCC5D1733F901002972A8 /* BSTEngine.h */ = {isa = PBXFileReference; fileEncoding = 4; lastKnownFileType = sourcecode.c.h; path = BSTEngine.h; sourceTree = "<group>"; };
		948CCC5E1733F901002972A8 /* BSTEngine.m */ = {isa = PBXFileReference; fileEncoding = 4; lastKnownFileType = sourcecode.c.objc; path = BSTEngine.m; sourceTree = "<group>"; };
		948CCC601733F901002972A8 /* BSTConstructorInjectionSpec.m */ = {isa = PBXFileReference; fileEncoding = 4; lastKnownFileType = sourcecode.c.objc; path = BSTConstructorInjectionSpec.m; sourceTree = "<group>"; };
		948CCC611733F901002972A8 /* Specs-Info.plist */ = {isa = PBXFileReference; fileEncoding = 4; lastKnownFileType = text.plist.xml; path = "Specs-Info.plist"; sourceTree = "<group>"; };
		948CCC671733F90E002972A8 /* BSTSpecHelper.pch */ = {isa = PBXFileReference; lastKnownFileType = sourcecode.c.h; path = BSTSpecHelper.pch; sourceTree = "<group>"; };
		948CCC6A1733FA58002972A8 /* BSTClassDependencySpec.m */ = {isa = PBXFileReference; fileEncoding = 4; lastKnownFileType = sourcecode.c.objc; path = BSTClassDependencySpec.m; sourceTree = "<group>"; };
		948CCC6C1733FAC0002972A8 /* BSTProtocolDependencySpec.m */ = {isa = PBXFileReference; fileEncoding = 4; lastKnownFileType = sourcecode.c.objc; path = BSTProtocolDependencySpec.m; sourceTree = "<group>"; };
		948CCC6E1733FADF002972A8 /* BSTDependency.h */ = {isa = PBXFileReference; lastKnownFileType = sourcecode.c.h; path = BSTDependency.h; sourceTree = "<group>"; };
		948CCC721733FC84002972A8 /* BSTClassDependency.h */ = {isa = PBXFileReference; fileEncoding = 4; lastKnownFileType = sourcecode.c.h; path = BSTClassDependency.h; sourceTree = "<group>"; };
		948CCC731733FC84002972A8 /* BSTClassDependency.m */ = {isa = PBXFileReference; fileEncoding = 4; lastKnownFileType = sourcecode.c.objc; path = BSTClassDependency.m; sourceTree = "<group>"; };
		948CCC7B17340455002972A8 /* BSTProtocolDependency.h */ = {isa = PBXFileReference; fileEncoding = 4; lastKnownFileType = sourcecode.c.h; path = BSTProtocolDependency.h; sourceTree = "<group>"; };
		948CCC7C17340455002972A8 /* BSTProtocolDependency.m */ = {isa = PBXFileReference; fileEncoding = 4; lastKnownFileType = sourcecode.c.objc; path = BSTProtocolDependency.m; sourceTree = "<group>"; };
		948CCC7E17340622002972A8 /* BSTInjector.h */ = {isa = PBXFileReference; fileEncoding = 4; lastKnownFileType = sourcecode.c.h; path = BSTInjector.h; sourceTree = "<group>"; };
		948CCC7F17340622002972A8 /* BSTInjector.m */ = {isa = PBXFileReference; fileEncoding = 4; lastKnownFileType = sourcecode.c.objc; path = BSTInjector.m; sourceTree = "<group>"; };
		A17E5AC52FFB4D70AA00E3B1 /* libPods-Specs.a */ = {isa = PBXFileReference; explicitFileType = archive.ar; includeInIndex = 0; path = "libPods-Specs.a"; sourceTree = BUILT_PRODUCTS_DIR; };
		D83591CB6D6F45C3928C0136 /* Pods-Specs.xcconfig */ = {isa = PBXFileReference; includeInIndex = 1; lastKnownFileType = text.xcconfig; name = "Pods-Specs.xcconfig"; path = "Pods/Pods-Specs.xcconfig"; sourceTree = SOURCE_ROOT; };
/* End PBXFileReference section */

/* Begin PBXFrameworksBuildPhase section */
		9415C14A17319BF9003454F7 /* Frameworks */ = {
			isa = PBXFrameworksBuildPhase;
			buildActionMask = 2147483647;
			files = (
				9415C15117319BF9003454F7 /* Foundation.framework in Frameworks */,
			);
			runOnlyForDeploymentPostprocessing = 0;
		};
		9415C15A17319BF9003454F7 /* Frameworks */ = {
			isa = PBXFrameworksBuildPhase;
			buildActionMask = 2147483647;
			files = (
				9415C16017319BF9003454F7 /* SenTestingKit.framework in Frameworks */,
				9415C16217319BF9003454F7 /* UIKit.framework in Frameworks */,
				9415C16317319BF9003454F7 /* Foundation.framework in Frameworks */,
				9415C16617319BF9003454F7 /* libBestow.a in Frameworks */,
				517D5917915C4F6A9ABEDCB8 /* libPods-Specs.a in Frameworks */,
			);
			runOnlyForDeploymentPostprocessing = 0;
		};
/* End PBXFrameworksBuildPhase section */

/* Begin PBXGroup section */
		9415C14417319BF9003454F7 = {
			isa = PBXGroup;
			children = (
				9415C15217319BF9003454F7 /* Bestow */,
				948CCC571733F901002972A8 /* Specs */,
				9415C14F17319BF9003454F7 /* Frameworks */,
				9415C14E17319BF9003454F7 /* Products */,
				D83591CB6D6F45C3928C0136 /* Pods-Specs.xcconfig */,
			);
			sourceTree = "<group>";
		};
		9415C14E17319BF9003454F7 /* Products */ = {
			isa = PBXGroup;
			children = (
				9415C14D17319BF9003454F7 /* libBestow.a */,
				9415C15E17319BF9003454F7 /* Specs.octest */,
			);
			name = Products;
			sourceTree = "<group>";
		};
		9415C14F17319BF9003454F7 /* Frameworks */ = {
			isa = PBXGroup;
			children = (
				9415C15017319BF9003454F7 /* Foundation.framework */,
				9415C15F17319BF9003454F7 /* SenTestingKit.framework */,
				9415C16117319BF9003454F7 /* UIKit.framework */,
				A17E5AC52FFB4D70AA00E3B1 /* libPods-Specs.a */,
			);
			name = Frameworks;
			sourceTree = "<group>";
		};
		9415C15217319BF9003454F7 /* Bestow */ = {
			isa = PBXGroup;
			children = (
				9415C15517319BF9003454F7 /* Bestow.h */,
				948CCC7E17340622002972A8 /* BSTInjector.h */,
				948CCC7F17340622002972A8 /* BSTInjector.m */,
				948CCC321733C11C002972A8 /* BSTProvider.h */,
				948CCC6E1733FADF002972A8 /* BSTDependency.h */,
				948CCC721733FC84002972A8 /* BSTClassDependency.h */,
				948CCC731733FC84002972A8 /* BSTClassDependency.m */,
				948CCC7B17340455002972A8 /* BSTProtocolDependency.h */,
				948CCC7C17340455002972A8 /* BSTProtocolDependency.m */,
			);
			path = Bestow;
			sourceTree = "<group>";
		};
		948CCC571733F901002972A8 /* Specs */ = {
			isa = PBXGroup;
			children = (
				948CCC581733F901002972A8 /* Classes */,
				948CCC5F1733F901002972A8 /* Functional Specs */,
				948CCC691733FA43002972A8 /* Unit Specs */,
				948CCC681733F9A7002972A8 /* Supporting Files */,
			);
			path = Specs;
			sourceTree = "<group>";
		};
		948CCC581733F901002972A8 /* Classes */ = {
			isa = PBXGroup;
			children = (
				948CCC591733F901002972A8 /* BSTCar.h */,
				948CCC5A1733F901002972A8 /* BSTCar.m */,
				948CCC5B1733F901002972A8 /* BSTDriver.h */,
				948CCC5C1733F901002972A8 /* BSTDriver.m */,
				948CCC5D1733F901002972A8 /* BSTEngine.h */,
				948CCC5E1733F901002972A8 /* BSTEngine.m */,
			);
			path = Classes;
			sourceTree = "<group>";
		};
		948CCC5F1733F901002972A8 /* Functional Specs */ = {
			isa = PBXGroup;
			children = (
				948CCC601733F901002972A8 /* BSTConstructorInjectionSpec.m */,
			);
			path = "Functional Specs";
			sourceTree = "<group>";
		};
		948CCC681733F9A7002972A8 /* Supporting Files */ = {
			isa = PBXGroup;
			children = (
				948CCC611733F901002972A8 /* Specs-Info.plist */,
				948CCC671733F90E002972A8 /* BSTSpecHelper.pch */,
			);
			name = "Supporting Files";
			sourceTree = "<group>";
		};
		948CCC691733FA43002972A8 /* Unit Specs */ = {
			isa = PBXGroup;
			children = (
				940A45A41734100A00EA5788 /* BSTInjectorSpec.m */,
				948CCC6A1733FA58002972A8 /* BSTClassDependencySpec.m */,
				948CCC6C1733FAC0002972A8 /* BSTProtocolDependencySpec.m */,
			);
			path = "Unit Specs";
			sourceTree = "<group>";
		};
/* End PBXGroup section */

/* Begin PBXNativeTarget section */
		9415C14C17319BF9003454F7 /* Bestow */ = {
			isa = PBXNativeTarget;
			buildConfigurationList = 9415C17217319BF9003454F7 /* Build configuration list for PBXNativeTarget "Bestow" */;
			buildPhases = (
				9415C14917319BF9003454F7 /* Sources */,
				9415C14A17319BF9003454F7 /* Frameworks */,
				9415C14B17319BF9003454F7 /* CopyFiles */,
			);
			buildRules = (
			);
			dependencies = (
			);
			name = Bestow;
			productName = Bestow;
			productReference = 9415C14D17319BF9003454F7 /* libBestow.a */;
			productType = "com.apple.product-type.library.static";
		};
		9415C15D17319BF9003454F7 /* Specs */ = {
			isa = PBXNativeTarget;
			buildConfigurationList = 9415C17517319BF9003454F7 /* Build configuration list for PBXNativeTarget "Specs" */;
			buildPhases = (
				0016DC3DBFE542FE9695FA75 /* Check Pods Manifest.lock */,
				9415C15917319BF9003454F7 /* Sources */,
				9415C15A17319BF9003454F7 /* Frameworks */,
				9415C15B17319BF9003454F7 /* Resources */,
				9415C15C17319BF9003454F7 /* ShellScript */,
				0D9532705CCA4326B6BE5CA3 /* Copy Pods Resources */,
			);
			buildRules = (
			);
			dependencies = (
				9415C16517319BF9003454F7 /* PBXTargetDependency */,
			);
			name = Specs;
			productName = BestowTests;
			productReference = 9415C15E17319BF9003454F7 /* Specs.octest */;
			productType = "com.apple.product-type.bundle";
		};
/* End PBXNativeTarget section */

/* Begin PBXProject section */
		9415C14517319BF9003454F7 /* Project object */ = {
			isa = PBXProject;
			attributes = {
				CLASSPREFIX = BST;
				LastUpgradeCheck = 0460;
				ORGANIZATIONNAME = "Ryan Davies";
			};
			buildConfigurationList = 9415C14817319BF9003454F7 /* Build configuration list for PBXProject "Bestow" */;
			compatibilityVersion = "Xcode 3.2";
			developmentRegion = English;
			hasScannedForEncodings = 0;
			knownRegions = (
				en,
			);
			mainGroup = 9415C14417319BF9003454F7;
			productRefGroup = 9415C14E17319BF9003454F7 /* Products */;
			projectDirPath = "";
			projectRoot = "";
			targets = (
				9415C14C17319BF9003454F7 /* Bestow */,
				9415C15D17319BF9003454F7 /* Specs */,
			);
		};
/* End PBXProject section */

/* Begin PBXResourcesBuildPhase section */
		9415C15B17319BF9003454F7 /* Resources */ = {
			isa = PBXResourcesBuildPhase;
			buildActionMask = 2147483647;
			files = (
			);
			runOnlyForDeploymentPostprocessing = 0;
		};
/* End PBXResourcesBuildPhase section */

/* Begin PBXShellScriptBuildPhase section */
		0016DC3DBFE542FE9695FA75 /* Check Pods Manifest.lock */ = {
			isa = PBXShellScriptBuildPhase;
			buildActionMask = 2147483647;
			files = (
			);
			inputPaths = (
			);
			name = "Check Pods Manifest.lock";
			outputPaths = (
			);
			runOnlyForDeploymentPostprocessing = 0;
			shellPath = /bin/sh;
			shellScript = "diff \"${PODS_ROOT}/../Podfile.lock\" \"${PODS_ROOT}/Manifest.lock\" > /dev/null\nif [[ $? != 0 ]] ; then\n    cat << EOM\nerror: The sanbox is not in sync with the Podfile.lock. Run 'pod install'.\nEOM\n    exit 1\nfi\n";
		};
		0D9532705CCA4326B6BE5CA3 /* Copy Pods Resources */ = {
			isa = PBXShellScriptBuildPhase;
			buildActionMask = 2147483647;
			files = (
			);
			inputPaths = (
			);
			name = "Copy Pods Resources";
			outputPaths = (
			);
			runOnlyForDeploymentPostprocessing = 0;
			shellPath = /bin/sh;
			shellScript = "\"${SRCROOT}/Pods/Pods-Specs-resources.sh\"\n";
		};
		9415C15C17319BF9003454F7 /* ShellScript */ = {
			isa = PBXShellScriptBuildPhase;
			buildActionMask = 2147483647;
			files = (
			);
			inputPaths = (
			);
			outputPaths = (
			);
			runOnlyForDeploymentPostprocessing = 0;
			shellPath = /bin/sh;
			shellScript = "# Run the unit tests in this test bundle.\n\"${SYSTEM_DEVELOPER_DIR}/Tools/RunUnitTests\"\n";
		};
/* End PBXShellScriptBuildPhase section */

/* Begin PBXSourcesBuildPhase section */
		9415C14917319BF9003454F7 /* Sources */ = {
			isa = PBXSourcesBuildPhase;
			buildActionMask = 2147483647;
			files = (
				948CCC741733FC84002972A8 /* BSTClassDependency.m in Sources */,
				948CCC7D17340455002972A8 /* BSTProtocolDependency.m in Sources */,
				948CCC8017340622002972A8 /* BSTInjector.m in Sources */,
			);
			runOnlyForDeploymentPostprocessing = 0;
		};
		9415C15917319BF9003454F7 /* Sources */ = {
			isa = PBXSourcesBuildPhase;
			buildActionMask = 2147483647;
			files = (
				948CCC621733F901002972A8 /* BSTCar.m in Sources */,
				948CCC631733F901002972A8 /* BSTDriver.m in Sources */,
				948CCC641733F901002972A8 /* BSTEngine.m in Sources */,
				948CCC651733F901002972A8 /* BSTConstructorInjectionSpec.m in Sources */,
				948CCC6B1733FA58002972A8 /* BSTClassDependencySpec.m in Sources */,
				948CCC6D1733FAC0002972A8 /* BSTProtocolDependencySpec.m in Sources */,
				940A45A51734100A00EA5788 /* BSTInjectorSpec.m in Sources */,
			);
			runOnlyForDeploymentPostprocessing = 0;
		};
/* End PBXSourcesBuildPhase section */

/* Begin PBXTargetDependency section */
		9415C16517319BF9003454F7 /* PBXTargetDependency */ = {
			isa = PBXTargetDependency;
			target = 9415C14C17319BF9003454F7 /* Bestow */;
			targetProxy = 9415C16417319BF9003454F7 /* PBXContainerItemProxy */;
		};
/* End PBXTargetDependency section */

/* Begin XCBuildConfiguration section */
		9415C17017319BF9003454F7 /* Debug */ = {
			isa = XCBuildConfiguration;
			buildSettings = {
				ALWAYS_SEARCH_USER_PATHS = NO;
				CLANG_CXX_LANGUAGE_STANDARD = "gnu++0x";
				CLANG_CXX_LIBRARY = "libc++";
				CLANG_ENABLE_OBJC_ARC = YES;
				CLANG_WARN_CONSTANT_CONVERSION = YES;
				CLANG_WARN_EMPTY_BODY = YES;
				CLANG_WARN_ENUM_CONVERSION = YES;
				CLANG_WARN_INT_CONVERSION = YES;
				CLANG_WARN__DUPLICATE_METHOD_MATCH = YES;
				COPY_PHASE_STRIP = NO;
				GCC_C_LANGUAGE_STANDARD = gnu99;
				GCC_DYNAMIC_NO_PIC = NO;
				GCC_OPTIMIZATION_LEVEL = 0;
				GCC_PREPROCESSOR_DEFINITIONS = (
					"DEBUG=1",
					"$(inherited)",
				);
				GCC_SYMBOLS_PRIVATE_EXTERN = NO;
				GCC_WARN_ABOUT_RETURN_TYPE = YES;
				GCC_WARN_UNINITIALIZED_AUTOS = YES;
				GCC_WARN_UNUSED_VARIABLE = YES;
				IPHONEOS_DEPLOYMENT_TARGET = 6.1;
				ONLY_ACTIVE_ARCH = YES;
				SDKROOT = iphoneos;
			};
			name = Debug;
		};
		9415C17117319BF9003454F7 /* Release */ = {
			isa = XCBuildConfiguration;
			buildSettings = {
				ALWAYS_SEARCH_USER_PATHS = NO;
				CLANG_CXX_LANGUAGE_STANDARD = "gnu++0x";
				CLANG_CXX_LIBRARY = "libc++";
				CLANG_ENABLE_OBJC_ARC = YES;
				CLANG_WARN_CONSTANT_CONVERSION = YES;
				CLANG_WARN_EMPTY_BODY = YES;
				CLANG_WARN_ENUM_CONVERSION = YES;
				CLANG_WARN_INT_CONVERSION = YES;
				CLANG_WARN__DUPLICATE_METHOD_MATCH = YES;
				COPY_PHASE_STRIP = YES;
				GCC_C_LANGUAGE_STANDARD = gnu99;
				GCC_WARN_ABOUT_RETURN_TYPE = YES;
				GCC_WARN_UNINITIALIZED_AUTOS = YES;
				GCC_WARN_UNUSED_VARIABLE = YES;
				IPHONEOS_DEPLOYMENT_TARGET = 6.1;
				SDKROOT = iphoneos;
				VALIDATE_PRODUCT = YES;
			};
			name = Release;
		};
		9415C17317319BF9003454F7 /* Debug */ = {
			isa = XCBuildConfiguration;
			buildSettings = {
				DSTROOT = /tmp/Bestow.dst;
				OTHER_LDFLAGS = "-ObjC";
				PRODUCT_NAME = "$(TARGET_NAME)";
				SKIP_INSTALL = YES;
			};
			name = Debug;
		};
		9415C17417319BF9003454F7 /* Release */ = {
			isa = XCBuildConfiguration;
			buildSettings = {
				DSTROOT = /tmp/Bestow.dst;
				OTHER_LDFLAGS = "-ObjC";
				PRODUCT_NAME = "$(TARGET_NAME)";
				SKIP_INSTALL = YES;
			};
			name = Release;
		};
		9415C17617319BF9003454F7 /* Debug */ = {
			isa = XCBuildConfiguration;
			baseConfigurationReference = D83591CB6D6F45C3928C0136 /* Pods-Specs.xcconfig */;
			buildSettings = {
				GCC_PRECOMPILE_PREFIX_HEADER = YES;
				GCC_PREFIX_HEADER = Specs/BSTSpecHelper.pch;
				INFOPLIST_FILE = "Specs/Specs-Info.plist";
				PRODUCT_NAME = "$(TARGET_NAME)";
				WRAPPER_EXTENSION = octest;
			};
			name = Debug;
		};
		9415C17717319BF9003454F7 /* Release */ = {
			isa = XCBuildConfiguration;
			baseConfigurationReference = D83591CB6D6F45C3928C0136 /* Pods-Specs.xcconfig */;
			buildSettings = {
				GCC_PRECOMPILE_PREFIX_HEADER = YES;
				GCC_PREFIX_HEADER = Specs/BSTSpecHelper.pch;
				INFOPLIST_FILE = "Specs/Specs-Info.plist";
				PRODUCT_NAME = "$(TARGET_NAME)";
				WRAPPER_EXTENSION = octest;
			};
			name = Release;
		};
/* End XCBuildConfiguration section */

/* Begin XCConfigurationList section */
		9415C14817319BF9003454F7 /* Build configuration list for PBXProject "Bestow" */ = {
			isa = XCConfigurationList;
			buildConfigurations = (
				9415C17017319BF9003454F7 /* Debug */,
				9415C17117319BF9003454F7 /* Release */,
			);
			defaultConfigurationIsVisible = 0;
			defaultConfigurationName = Release;
		};
		9415C17217319BF9003454F7 /* Build configuration list for PBXNativeTarget "Bestow" */ = {
			isa = XCConfigurationList;
			buildConfigurations = (
				9415C17317319BF9003454F7 /* Debug */,
				9415C17417319BF9003454F7 /* Release */,
			);
			defaultConfigurationIsVisible = 0;
			defaultConfigurationName = Release;
		};
		9415C17517319BF9003454F7 /* Build configuration list for PBXNativeTarget "Specs" */ = {
			isa = XCConfigurationList;
			buildConfigurations = (
				9415C17617319BF9003454F7 /* Debug */,
				9415C17717319BF9003454F7 /* Release */,
			);
			defaultConfigurationIsVisible = 0;
			defaultConfigurationName = Release;
		};
/* End XCConfigurationList section */
	};
	rootObject = 9415C14517319BF9003454F7 /* Project object */;
}
