// !$*UTF8*$!
{
	archiveVersion = 1;
	classes = {
	};
	objectVersion = 46;
	objects = {

/* Begin PBXBuildFile section */
		517D5917915C4F6A9ABEDCB8 /* libPods-Specs.a in Frameworks */ = {isa = PBXBuildFile; fileRef = A17E5AC52FFB4D70AA00E3B1 /* libPods-Specs.a */; };
		9415C15117319BF9003454F7 /* Foundation.framework in Frameworks */ = {isa = PBXBuildFile; fileRef = 9415C15017319BF9003454F7 /* Foundation.framework */; };
		9415C16017319BF9003454F7 /* SenTestingKit.framework in Frameworks */ = {isa = PBXBuildFile; fileRef = 9415C15F17319BF9003454F7 /* SenTestingKit.framework */; };
		9415C16217319BF9003454F7 /* UIKit.framework in Frameworks */ = {isa = PBXBuildFile; fileRef = 9415C16117319BF9003454F7 /* UIKit.framework */; };
		9415C16317319BF9003454F7 /* Foundation.framework in Frameworks */ = {isa = PBXBuildFile; fileRef = 9415C15017319BF9003454F7 /* Foundation.framework */; };
		9415C16617319BF9003454F7 /* libRivet.a in Frameworks */ = {isa = PBXBuildFile; fileRef = 9415C14D17319BF9003454F7 /* libRivet.a */; };
		94837B6217553D03000101D4 /* RVTAssembly.m in Sources */ = {isa = PBXBuildFile; fileRef = 94837B6117553D03000101D4 /* RVTAssembly.m */; };
		94956A301750F3250054954D /* RVTConfigurationSpec.m in Sources */ = {isa = PBXBuildFile; fileRef = 94956A2F1750F3250054954D /* RVTConfigurationSpec.m */; };
		94956A321750F3340054954D /* RVTModuleSpec.m in Sources */ = {isa = PBXBuildFile; fileRef = 94956A311750F3330054954D /* RVTModuleSpec.m */; };
		94956A341750F3500054954D /* RVTObjectDescriptionSpec.m in Sources */ = {isa = PBXBuildFile; fileRef = 94956A331750F3500054954D /* RVTObjectDescriptionSpec.m */; };
		94956A361750F35B0054954D /* RVTObjectFactorySpec.m in Sources */ = {isa = PBXBuildFile; fileRef = 94956A351750F35B0054954D /* RVTObjectFactorySpec.m */; };
		94956A381750F36C0054954D /* RVTObjectGraphFactorySpec.m in Sources */ = {isa = PBXBuildFile; fileRef = 94956A371750F36C0054954D /* RVTObjectGraphFactorySpec.m */; };
		94956A3A1750F37D0054954D /* RVTObjectModelSpec.m in Sources */ = {isa = PBXBuildFile; fileRef = 94956A391750F37D0054954D /* RVTObjectModelSpec.m */; };
		94956A3C1750F38A0054954D /* RVTObjectPoolSpec.m in Sources */ = {isa = PBXBuildFile; fileRef = 94956A3B1750F38A0054954D /* RVTObjectPoolSpec.m */; };
		94956A3E1750F3960054954D /* RVTRelationshipDescriptionSpec.m in Sources */ = {isa = PBXBuildFile; fileRef = 94956A3D1750F3960054954D /* RVTRelationshipDescriptionSpec.m */; };
		9497EBAC17500D0600EEBB28 /* RVTObjectGraphFactory.m in Sources */ = {isa = PBXBuildFile; fileRef = 9497EBAB17500D0600EEBB28 /* RVTObjectGraphFactory.m */; };
		94B321F4174EDC4D00578851 /* RVTModule.m in Sources */ = {isa = PBXBuildFile; fileRef = 94B321EE174EDC4D00578851 /* RVTModule.m */; };
		94B32219174EDC5700578851 /* RVTCar.m in Sources */ = {isa = PBXBuildFile; fileRef = 94B32208174EDC5700578851 /* RVTCar.m */; };
		94B3221A174EDC5700578851 /* RVTEngine.m in Sources */ = {isa = PBXBuildFile; fileRef = 94B3220A174EDC5700578851 /* RVTEngine.m */; };
		94B3221B174EDC5700578851 /* RVTRadio.m in Sources */ = {isa = PBXBuildFile; fileRef = 94B3220C174EDC5700578851 /* RVTRadio.m */; };
		94B3221C174EDC5700578851 /* RVTWheel.m in Sources */ = {isa = PBXBuildFile; fileRef = 94B3220E174EDC5700578851 /* RVTWheel.m */; };
		94B3221D174EDC5700578851 /* RVTCarModule.m in Sources */ = {isa = PBXBuildFile; fileRef = 94B32211174EDC5700578851 /* RVTCarModule.m */; };
		94B32220174EEBD100578851 /* RVTCarManufacturingSpec.m in Sources */ = {isa = PBXBuildFile; fileRef = 94B3221F174EEBD100578851 /* RVTCarManufacturingSpec.m */; };
/* End PBXBuildFile section */

/* Begin PBXContainerItemProxy section */
		9415C16417319BF9003454F7 /* PBXContainerItemProxy */ = {
			isa = PBXContainerItemProxy;
			containerPortal = 9415C14517319BF9003454F7 /* Project object */;
			proxyType = 1;
			remoteGlobalIDString = 9415C14C17319BF9003454F7;
			remoteInfo = Bestow;
		};
/* End PBXContainerItemProxy section */

/* Begin PBXCopyFilesBuildPhase section */
		9415C14B17319BF9003454F7 /* CopyFiles */ = {
			isa = PBXCopyFilesBuildPhase;
			buildActionMask = 2147483647;
			dstPath = "include/${PRODUCT_NAME}";
			dstSubfolderSpec = 16;
			files = (
			);
			runOnlyForDeploymentPostprocessing = 0;
		};
/* End PBXCopyFilesBuildPhase section */

/* Begin PBXFileReference section */
		9415C14D17319BF9003454F7 /* libRivet.a */ = {isa = PBXFileReference; explicitFileType = archive.ar; includeInIndex = 0; path = libRivet.a; sourceTree = BUILT_PRODUCTS_DIR; };
		9415C15017319BF9003454F7 /* Foundation.framework */ = {isa = PBXFileReference; lastKnownFileType = wrapper.framework; name = Foundation.framework; path = System/Library/Frameworks/Foundation.framework; sourceTree = SDKROOT; };
		9415C15E17319BF9003454F7 /* Specs.octest */ = {isa = PBXFileReference; explicitFileType = wrapper.cfbundle; includeInIndex = 0; path = Specs.octest; sourceTree = BUILT_PRODUCTS_DIR; };
		9415C15F17319BF9003454F7 /* SenTestingKit.framework */ = {isa = PBXFileReference; lastKnownFileType = wrapper.framework; name = SenTestingKit.framework; path = Library/Frameworks/SenTestingKit.framework; sourceTree = DEVELOPER_DIR; };
		9415C16117319BF9003454F7 /* UIKit.framework */ = {isa = PBXFileReference; lastKnownFileType = wrapper.framework; name = UIKit.framework; path = Library/Frameworks/UIKit.framework; sourceTree = DEVELOPER_DIR; };
		94837B6017553D03000101D4 /* RVTAssembly.h */ = {isa = PBXFileReference; fileEncoding = 4; lastKnownFileType = sourcecode.c.h; path = RVTAssembly.h; sourceTree = "<group>"; };
		94837B6117553D03000101D4 /* RVTAssembly.m */ = {isa = PBXFileReference; fileEncoding = 4; lastKnownFileType = sourcecode.c.objc; path = RVTAssembly.m; sourceTree = "<group>"; };
		94837B6317553D35000101D4 /* RVTTypes.h */ = {isa = PBXFileReference; lastKnownFileType = sourcecode.c.h; path = RVTTypes.h; sourceTree = "<group>"; };
		948CCC611733F901002972A8 /* Specs-Info.plist */ = {isa = PBXFileReference; fileEncoding = 4; lastKnownFileType = text.plist.xml; path = "Specs-Info.plist"; sourceTree = "<group>"; };
		948CCC671733F90E002972A8 /* BSTSpecHelper.pch */ = {isa = PBXFileReference; lastKnownFileType = sourcecode.c.h; path = BSTSpecHelper.pch; sourceTree = "<group>"; };
		94956A2F1750F3250054954D /* RVTConfigurationSpec.m */ = {isa = PBXFileReference; fileEncoding = 4; lastKnownFileType = sourcecode.c.objc; path = RVTConfigurationSpec.m; sourceTree = "<group>"; };
		94956A311750F3330054954D /* RVTModuleSpec.m */ = {isa = PBXFileReference; fileEncoding = 4; lastKnownFileType = sourcecode.c.objc; path = RVTModuleSpec.m; sourceTree = "<group>"; };
		94956A331750F3500054954D /* RVTObjectDescriptionSpec.m */ = {isa = PBXFileReference; fileEncoding = 4; lastKnownFileType = sourcecode.c.objc; path = RVTObjectDescriptionSpec.m; sourceTree = "<group>"; };
		94956A351750F35B0054954D /* RVTObjectFactorySpec.m */ = {isa = PBXFileReference; fileEncoding = 4; lastKnownFileType = sourcecode.c.objc; path = RVTObjectFactorySpec.m; sourceTree = "<group>"; };
		94956A371750F36C0054954D /* RVTObjectGraphFactorySpec.m */ = {isa = PBXFileReference; fileEncoding = 4; lastKnownFileType = sourcecode.c.objc; path = RVTObjectGraphFactorySpec.m; sourceTree = "<group>"; };
		94956A391750F37D0054954D /* RVTObjectModelSpec.m */ = {isa = PBXFileReference; fileEncoding = 4; lastKnownFileType = sourcecode.c.objc; path = RVTObjectModelSpec.m; sourceTree = "<group>"; };
		94956A3B1750F38A0054954D /* RVTObjectPoolSpec.m */ = {isa = PBXFileReference; fileEncoding = 4; lastKnownFileType = sourcecode.c.objc; path = RVTObjectPoolSpec.m; sourceTree = "<group>"; };
		94956A3D1750F3960054954D /* RVTRelationshipDescriptionSpec.m */ = {isa = PBXFileReference; fileEncoding = 4; lastKnownFileType = sourcecode.c.objc; path = RVTRelationshipDescriptionSpec.m; sourceTree = "<group>"; };
		9497EBAA17500D0500EEBB28 /* RVTObjectGraphFactory.h */ = {isa = PBXFileReference; fileEncoding = 4; lastKnownFileType = sourcecode.c.h; path = RVTObjectGraphFactory.h; sourceTree = "<group>"; };
		9497EBAB17500D0600EEBB28 /* RVTObjectGraphFactory.m */ = {isa = PBXFileReference; fileEncoding = 4; lastKnownFileType = sourcecode.c.objc; path = RVTObjectGraphFactory.m; sourceTree = "<group>"; };
		94B321ED174EDC4D00578851 /* RVTModule.h */ = {isa = PBXFileReference; fileEncoding = 4; lastKnownFileType = sourcecode.c.h; path = RVTModule.h; sourceTree = "<group>"; };
		94B321EE174EDC4D00578851 /* RVTModule.m */ = {isa = PBXFileReference; fileEncoding = 4; lastKnownFileType = sourcecode.c.objc; path = RVTModule.m; sourceTree = "<group>"; };
		94B32207174EDC5700578851 /* RVTCar.h */ = {isa = PBXFileReference; fileEncoding = 4; lastKnownFileType = sourcecode.c.h; path = RVTCar.h; sourceTree = "<group>"; };
		94B32208174EDC5700578851 /* RVTCar.m */ = {isa = PBXFileReference; fileEncoding = 4; lastKnownFileType = sourcecode.c.objc; path = RVTCar.m; sourceTree = "<group>"; };
		94B32209174EDC5700578851 /* RVTEngine.h */ = {isa = PBXFileReference; fileEncoding = 4; lastKnownFileType = sourcecode.c.h; path = RVTEngine.h; sourceTree = "<group>"; };
		94B3220A174EDC5700578851 /* RVTEngine.m */ = {isa = PBXFileReference; fileEncoding = 4; lastKnownFileType = sourcecode.c.objc; path = RVTEngine.m; sourceTree = "<group>"; };
		94B3220B174EDC5700578851 /* RVTRadio.h */ = {isa = PBXFileReference; fileEncoding = 4; lastKnownFileType = sourcecode.c.h; path = RVTRadio.h; sourceTree = "<group>"; };
		94B3220C174EDC5700578851 /* RVTRadio.m */ = {isa = PBXFileReference; fileEncoding = 4; lastKnownFileType = sourcecode.c.objc; path = RVTRadio.m; sourceTree = "<group>"; };
		94B3220D174EDC5700578851 /* RVTWheel.h */ = {isa = PBXFileReference; fileEncoding = 4; lastKnownFileType = sourcecode.c.h; path = RVTWheel.h; sourceTree = "<group>"; };
		94B3220E174EDC5700578851 /* RVTWheel.m */ = {isa = PBXFileReference; fileEncoding = 4; lastKnownFileType = sourcecode.c.objc; path = RVTWheel.m; sourceTree = "<group>"; };
		94B32210174EDC5700578851 /* RVTCarModule.h */ = {isa = PBXFileReference; fileEncoding = 4; lastKnownFileType = sourcecode.c.h; path = RVTCarModule.h; sourceTree = "<group>"; };
		94B32211174EDC5700578851 /* RVTCarModule.m */ = {isa = PBXFileReference; fileEncoding = 4; lastKnownFileType = sourcecode.c.objc; path = RVTCarModule.m; sourceTree = "<group>"; };
		94B3221F174EEBD100578851 /* RVTCarManufacturingSpec.m */ = {isa = PBXFileReference; fileEncoding = 4; lastKnownFileType = sourcecode.c.objc; path = RVTCarManufacturingSpec.m; sourceTree = "<group>"; };
		94B500921736596000570893 /* Rivet.h */ = {isa = PBXFileReference; fileEncoding = 4; lastKnownFileType = sourcecode.c.h; lineEnding = 0; path = Rivet.h; sourceTree = "<group>"; xcLanguageSpecificationIdentifier = xcode.lang.objcpp; };
		94D2FA02173ACE820039AFAE /* RVTVersion.h */ = {isa = PBXFileReference; lastKnownFileType = sourcecode.c.h; path = RVTVersion.h; sourceTree = "<group>"; };
		A17E5AC52FFB4D70AA00E3B1 /* libPods-Specs.a */ = {isa = PBXFileReference; explicitFileType = archive.ar; includeInIndex = 0; path = "libPods-Specs.a"; sourceTree = BUILT_PRODUCTS_DIR; };
		D83591CB6D6F45C3928C0136 /* Pods-Specs.xcconfig */ = {isa = PBXFileReference; includeInIndex = 1; lastKnownFileType = text.xcconfig; name = "Pods-Specs.xcconfig"; path = "Pods/Pods-Specs.xcconfig"; sourceTree = SOURCE_ROOT; };
/* End PBXFileReference section */

/* Begin PBXFrameworksBuildPhase section */
		9415C14A17319BF9003454F7 /* Frameworks */ = {
			isa = PBXFrameworksBuildPhase;
			buildActionMask = 2147483647;
			files = (
				9415C15117319BF9003454F7 /* Foundation.framework in Frameworks */,
			);
			runOnlyForDeploymentPostprocessing = 0;
		};
		9415C15A17319BF9003454F7 /* Frameworks */ = {
			isa = PBXFrameworksBuildPhase;
			buildActionMask = 2147483647;
			files = (
				9415C16017319BF9003454F7 /* SenTestingKit.framework in Frameworks */,
				9415C16217319BF9003454F7 /* UIKit.framework in Frameworks */,
				9415C16317319BF9003454F7 /* Foundation.framework in Frameworks */,
				9415C16617319BF9003454F7 /* libRivet.a in Frameworks */,
				517D5917915C4F6A9ABEDCB8 /* libPods-Specs.a in Frameworks */,
			);
			runOnlyForDeploymentPostprocessing = 0;
		};
/* End PBXFrameworksBuildPhase section */

/* Begin PBXGroup section */
		9415C14417319BF9003454F7 = {
			isa = PBXGroup;
			children = (
				94B500911736596000570893 /* Rivet */,
				948CCC571733F901002972A8 /* Specs */,
				9415C14F17319BF9003454F7 /* Frameworks */,
				9415C14E17319BF9003454F7 /* Products */,
				D83591CB6D6F45C3928C0136 /* Pods-Specs.xcconfig */,
			);
			sourceTree = "<group>";
		};
		9415C14E17319BF9003454F7 /* Products */ = {
			isa = PBXGroup;
			children = (
				9415C14D17319BF9003454F7 /* libRivet.a */,
				9415C15E17319BF9003454F7 /* Specs.octest */,
			);
			name = Products;
			sourceTree = "<group>";
		};
		9415C14F17319BF9003454F7 /* Frameworks */ = {
			isa = PBXGroup;
			children = (
				9415C15017319BF9003454F7 /* Foundation.framework */,
				9415C15F17319BF9003454F7 /* SenTestingKit.framework */,
				9415C16117319BF9003454F7 /* UIKit.framework */,
				A17E5AC52FFB4D70AA00E3B1 /* libPods-Specs.a */,
			);
			name = Frameworks;
			sourceTree = "<group>";
		};
		948CCC571733F901002972A8 /* Specs */ = {
			isa = PBXGroup;
			children = (
				94B321F9174EDC5700578851 /* Use Cases */,
				94B321F7174EDC5700578851 /* Functional Specs */,
				94B321F8174EDC5700578851 /* Unit Specs */,
				948CCC681733F9A7002972A8 /* Supporting Files */,
			);
			path = Specs;
			sourceTree = "<group>";
		};
		948CCC681733F9A7002972A8 /* Supporting Files */ = {
			isa = PBXGroup;
			children = (
				948CCC611733F901002972A8 /* Specs-Info.plist */,
				948CCC671733F90E002972A8 /* BSTSpecHelper.pch */,
			);
			name = "Supporting Files";
			sourceTree = "<group>";
		};
		94B321F7174EDC5700578851 /* Functional Specs */ = {
			isa = PBXGroup;
			children = (
				94B3221F174EEBD100578851 /* RVTCarManufacturingSpec.m */,
			);
			path = "Functional Specs";
			sourceTree = "<group>";
		};
		94B321F8174EDC5700578851 /* Unit Specs */ = {
			isa = PBXGroup;
			children = (
				94956A2F1750F3250054954D /* RVTConfigurationSpec.m */,
				94956A311750F3330054954D /* RVTModuleSpec.m */,
				94956A331750F3500054954D /* RVTObjectDescriptionSpec.m */,
				94956A351750F35B0054954D /* RVTObjectFactorySpec.m */,
				94956A371750F36C0054954D /* RVTObjectGraphFactorySpec.m */,
				94956A391750F37D0054954D /* RVTObjectModelSpec.m */,
				94956A3B1750F38A0054954D /* RVTObjectPoolSpec.m */,
				94956A3D1750F3960054954D /* RVTRelationshipDescriptionSpec.m */,
			);
			path = "Unit Specs";
			sourceTree = "<group>";
		};
		94B321F9174EDC5700578851 /* Use Cases */ = {
			isa = PBXGroup;
			children = (
				94B321FA174EDC5700578851 /* Car Manufacturing */,
			);
			path = "Use Cases";
			sourceTree = "<group>";
		};
		94B321FA174EDC5700578851 /* Car Manufacturing */ = {
			isa = PBXGroup;
			children = (
				94B32206174EDC5700578851 /* Model */,
				94B3220F174EDC5700578851 /* Assembly */,
			);
			path = "Car Manufacturing";
			sourceTree = "<group>";
		};
		94B32206174EDC5700578851 /* Model */ = {
			isa = PBXGroup;
			children = (
				94B32207174EDC5700578851 /* RVTCar.h */,
				94B32208174EDC5700578851 /* RVTCar.m */,
				94B32209174EDC5700578851 /* RVTEngine.h */,
				94B3220A174EDC5700578851 /* RVTEngine.m */,
				94B3220B174EDC5700578851 /* RVTRadio.h */,
				94B3220C174EDC5700578851 /* RVTRadio.m */,
				94B3220D174EDC5700578851 /* RVTWheel.h */,
				94B3220E174EDC5700578851 /* RVTWheel.m */,
			);
			path = Model;
			sourceTree = "<group>";
		};
		94B3220F174EDC5700578851 /* Assembly */ = {
			isa = PBXGroup;
			children = (
				94B32210174EDC5700578851 /* RVTCarModule.h */,
				94B32211174EDC5700578851 /* RVTCarModule.m */,
			);
			name = Assembly;
			path = Modules;
			sourceTree = "<group>";
		};
		94B500911736596000570893 /* Rivet */ = {
			isa = PBXGroup;
			children = (
				94B500921736596000570893 /* Rivet.h */,
				94D2FA02173ACE820039AFAE /* RVTVersion.h */,
				94837B6317553D35000101D4 /* RVTTypes.h */,
				94837B6017553D03000101D4 /* RVTAssembly.h */,
				94837B6117553D03000101D4 /* RVTAssembly.m */,
				94B321ED174EDC4D00578851 /* RVTModule.h */,
				94B321EE174EDC4D00578851 /* RVTModule.m */,
				9497EBAA17500D0500EEBB28 /* RVTObjectGraphFactory.h */,
				9497EBAB17500D0600EEBB28 /* RVTObjectGraphFactory.m */,
			);
			path = Rivet;
			sourceTree = "<group>";
		};
/* End PBXGroup section */

/* Begin PBXNativeTarget section */
		9415C14C17319BF9003454F7 /* Rivet */ = {
			isa = PBXNativeTarget;
			buildConfigurationList = 9415C17217319BF9003454F7 /* Build configuration list for PBXNativeTarget "Rivet" */;
			buildPhases = (
				9415C14917319BF9003454F7 /* Sources */,
				9415C14A17319BF9003454F7 /* Frameworks */,
				9415C14B17319BF9003454F7 /* CopyFiles */,
			);
			buildRules = (
			);
			dependencies = (
			);
			name = Rivet;
			productName = Bestow;
			productReference = 9415C14D17319BF9003454F7 /* libRivet.a */;
			productType = "com.apple.product-type.library.static";
		};
		9415C15D17319BF9003454F7 /* Specs */ = {
			isa = PBXNativeTarget;
			buildConfigurationList = 9415C17517319BF9003454F7 /* Build configuration list for PBXNativeTarget "Specs" */;
			buildPhases = (
				0016DC3DBFE542FE9695FA75 /* Check Pods Manifest.lock */,
				9415C15917319BF9003454F7 /* Sources */,
				9415C15A17319BF9003454F7 /* Frameworks */,
				9415C15B17319BF9003454F7 /* Resources */,
				9415C15C17319BF9003454F7 /* ShellScript */,
				0D9532705CCA4326B6BE5CA3 /* Copy Pods Resources */,
			);
			buildRules = (
			);
			dependencies = (
				9415C16517319BF9003454F7 /* PBXTargetDependency */,
			);
			name = Specs;
			productName = BestowTests;
			productReference = 9415C15E17319BF9003454F7 /* Specs.octest */;
			productType = "com.apple.product-type.bundle";
		};
/* End PBXNativeTarget section */

/* Begin PBXProject section */
		9415C14517319BF9003454F7 /* Project object */ = {
			isa = PBXProject;
			attributes = {
				CLASSPREFIX = RVT;
				LastUpgradeCheck = 0460;
				ORGANIZATIONNAME = "Ryan Davies";
			};
			buildConfigurationList = 9415C14817319BF9003454F7 /* Build configuration list for PBXProject "Rivet" */;
			compatibilityVersion = "Xcode 3.2";
			developmentRegion = English;
			hasScannedForEncodings = 0;
			knownRegions = (
				en,
			);
			mainGroup = 9415C14417319BF9003454F7;
			productRefGroup = 9415C14E17319BF9003454F7 /* Products */;
			projectDirPath = "";
			projectRoot = "";
			targets = (
				9415C14C17319BF9003454F7 /* Rivet */,
				9415C15D17319BF9003454F7 /* Specs */,
			);
		};
/* End PBXProject section */

/* Begin PBXResourcesBuildPhase section */
		9415C15B17319BF9003454F7 /* Resources */ = {
			isa = PBXResourcesBuildPhase;
			buildActionMask = 2147483647;
			files = (
			);
			runOnlyForDeploymentPostprocessing = 0;
		};
/* End PBXResourcesBuildPhase section */

/* Begin PBXShellScriptBuildPhase section */
		0016DC3DBFE542FE9695FA75 /* Check Pods Manifest.lock */ = {
			isa = PBXShellScriptBuildPhase;
			buildActionMask = 2147483647;
			files = (
			);
			inputPaths = (
			);
			name = "Check Pods Manifest.lock";
			outputPaths = (
			);
			runOnlyForDeploymentPostprocessing = 0;
			shellPath = /bin/sh;
			shellScript = "diff \"${PODS_ROOT}/../Podfile.lock\" \"${PODS_ROOT}/Manifest.lock\" > /dev/null\nif [[ $? != 0 ]] ; then\n    cat << EOM\nerror: The sanbox is not in sync with the Podfile.lock. Run 'pod install'.\nEOM\n    exit 1\nfi\n";
		};
		0D9532705CCA4326B6BE5CA3 /* Copy Pods Resources */ = {
			isa = PBXShellScriptBuildPhase;
			buildActionMask = 2147483647;
			files = (
			);
			inputPaths = (
			);
			name = "Copy Pods Resources";
			outputPaths = (
			);
			runOnlyForDeploymentPostprocessing = 0;
			shellPath = /bin/sh;
			shellScript = "\"${SRCROOT}/Pods/Pods-Specs-resources.sh\"\n";
		};
		9415C15C17319BF9003454F7 /* ShellScript */ = {
			isa = PBXShellScriptBuildPhase;
			buildActionMask = 2147483647;
			files = (
			);
			inputPaths = (
			);
			outputPaths = (
			);
			runOnlyForDeploymentPostprocessing = 0;
			shellPath = /bin/sh;
			shellScript = "# Run the unit tests in this test bundle.\n\"${SYSTEM_DEVELOPER_DIR}/Tools/RunUnitTests\"\n";
		};
/* End PBXShellScriptBuildPhase section */

/* Begin PBXSourcesBuildPhase section */
		9415C14917319BF9003454F7 /* Sources */ = {
			isa = PBXSourcesBuildPhase;
			buildActionMask = 2147483647;
			files = (
				94B321F4174EDC4D00578851 /* RVTModule.m in Sources */,
				9497EBAC17500D0600EEBB28 /* RVTObjectGraphFactory.m in Sources */,
				94837B6217553D03000101D4 /* RVTAssembly.m in Sources */,
			);
			runOnlyForDeploymentPostprocessing = 0;
		};
		9415C15917319BF9003454F7 /* Sources */ = {
			isa = PBXSourcesBuildPhase;
			buildActionMask = 2147483647;
			files = (
				94B32219174EDC5700578851 /* RVTCar.m in Sources */,
				94B3221A174EDC5700578851 /* RVTEngine.m in Sources */,
				94B3221B174EDC5700578851 /* RVTRadio.m in Sources */,
				94B3221C174EDC5700578851 /* RVTWheel.m in Sources */,
				94B3221D174EDC5700578851 /* RVTCarModule.m in Sources */,
				94B32220174EEBD100578851 /* RVTCarManufacturingSpec.m in Sources */,
				94956A301750F3250054954D /* RVTConfigurationSpec.m in Sources */,
				94956A321750F3340054954D /* RVTModuleSpec.m in Sources */,
				94956A341750F3500054954D /* RVTObjectDescriptionSpec.m in Sources */,
				94956A361750F35B0054954D /* RVTObjectFactorySpec.m in Sources */,
				94956A381750F36C0054954D /* RVTObjectGraphFactorySpec.m in Sources */,
				94956A3A1750F37D0054954D /* RVTObjectModelSpec.m in Sources */,
				94956A3C1750F38A0054954D /* RVTObjectPoolSpec.m in Sources */,
				94956A3E1750F3960054954D /* RVTRelationshipDescriptionSpec.m in Sources */,
			);
			runOnlyForDeploymentPostprocessing = 0;
		};
/* End PBXSourcesBuildPhase section */

/* Begin PBXTargetDependency section */
		9415C16517319BF9003454F7 /* PBXTargetDependency */ = {
			isa = PBXTargetDependency;
			target = 9415C14C17319BF9003454F7 /* Rivet */;
			targetProxy = 9415C16417319BF9003454F7 /* PBXContainerItemProxy */;
		};
/* End PBXTargetDependency section */

/* Begin XCBuildConfiguration section */
		9415C17017319BF9003454F7 /* Debug */ = {
			isa = XCBuildConfiguration;
			buildSettings = {
				ALWAYS_SEARCH_USER_PATHS = NO;
				CLANG_CXX_LANGUAGE_STANDARD = "gnu++0x";
				CLANG_CXX_LIBRARY = "libc++";
				CLANG_ENABLE_OBJC_ARC = YES;
				CLANG_WARN_CONSTANT_CONVERSION = YES;
				CLANG_WARN_EMPTY_BODY = YES;
				CLANG_WARN_ENUM_CONVERSION = YES;
				CLANG_WARN_INT_CONVERSION = YES;
				CLANG_WARN__DUPLICATE_METHOD_MATCH = YES;
				COPY_PHASE_STRIP = NO;
				GCC_C_LANGUAGE_STANDARD = gnu99;
				GCC_DYNAMIC_NO_PIC = NO;
				GCC_OPTIMIZATION_LEVEL = 0;
				GCC_PREPROCESSOR_DEFINITIONS = (
					"DEBUG=1",
					"$(inherited)",
				);
				GCC_SYMBOLS_PRIVATE_EXTERN = NO;
				GCC_WARN_ABOUT_RETURN_TYPE = YES;
				GCC_WARN_UNINITIALIZED_AUTOS = YES;
				GCC_WARN_UNUSED_VARIABLE = YES;
				IPHONEOS_DEPLOYMENT_TARGET = 6.1;
				ONLY_ACTIVE_ARCH = YES;
				SDKROOT = iphoneos;
			};
			name = Debug;
		};
		9415C17117319BF9003454F7 /* Release */ = {
			isa = XCBuildConfiguration;
			buildSettings = {
				ALWAYS_SEARCH_USER_PATHS = NO;
				CLANG_CXX_LANGUAGE_STANDARD = "gnu++0x";
				CLANG_CXX_LIBRARY = "libc++";
				CLANG_ENABLE_OBJC_ARC = YES;
				CLANG_WARN_CONSTANT_CONVERSION = YES;
				CLANG_WARN_EMPTY_BODY = YES;
				CLANG_WARN_ENUM_CONVERSION = YES;
				CLANG_WARN_INT_CONVERSION = YES;
				CLANG_WARN__DUPLICATE_METHOD_MATCH = YES;
				COPY_PHASE_STRIP = YES;
				GCC_C_LANGUAGE_STANDARD = gnu99;
				GCC_WARN_ABOUT_RETURN_TYPE = YES;
				GCC_WARN_UNINITIALIZED_AUTOS = YES;
				GCC_WARN_UNUSED_VARIABLE = YES;
				IPHONEOS_DEPLOYMENT_TARGET = 6.1;
				SDKROOT = iphoneos;
				VALIDATE_PRODUCT = YES;
			};
			name = Release;
		};
		9415C17317319BF9003454F7 /* Debug */ = {
			isa = XCBuildConfiguration;
			buildSettings = {
				DSTROOT = /tmp/Bestow.dst;
				OTHER_LDFLAGS = "-ObjC";
				PRODUCT_NAME = Rivet;
				SKIP_INSTALL = YES;
			};
			name = Debug;
		};
		9415C17417319BF9003454F7 /* Release */ = {
			isa = XCBuildConfiguration;
			buildSettings = {
				DSTROOT = /tmp/Bestow.dst;
				OTHER_LDFLAGS = "-ObjC";
				PRODUCT_NAME = Rivet;
				SKIP_INSTALL = YES;
			};
			name = Release;
		};
		9415C17617319BF9003454F7 /* Debug */ = {
			isa = XCBuildConfiguration;
			baseConfigurationReference = D83591CB6D6F45C3928C0136 /* Pods-Specs.xcconfig */;
			buildSettings = {
				GCC_PRECOMPILE_PREFIX_HEADER = YES;
				GCC_PREFIX_HEADER = Specs/BSTSpecHelper.pch;
				INFOPLIST_FILE = "Specs/Specs-Info.plist";
				PRODUCT_NAME = "$(TARGET_NAME)";
				WRAPPER_EXTENSION = octest;
			};
			name = Debug;
		};
		9415C17717319BF9003454F7 /* Release */ = {
			isa = XCBuildConfiguration;
			baseConfigurationReference = D83591CB6D6F45C3928C0136 /* Pods-Specs.xcconfig */;
			buildSettings = {
				GCC_PRECOMPILE_PREFIX_HEADER = YES;
				GCC_PREFIX_HEADER = Specs/BSTSpecHelper.pch;
				INFOPLIST_FILE = "Specs/Specs-Info.plist";
				PRODUCT_NAME = "$(TARGET_NAME)";
				WRAPPER_EXTENSION = octest;
			};
			name = Release;
		};
/* End XCBuildConfiguration section */

/* Begin XCConfigurationList section */
		9415C14817319BF9003454F7 /* Build configuration list for PBXProject "Rivet" */ = {
			isa = XCConfigurationList;
			buildConfigurations = (
				9415C17017319BF9003454F7 /* Debug */,
				9415C17117319BF9003454F7 /* Release */,
			);
			defaultConfigurationIsVisible = 0;
			defaultConfigurationName = Release;
		};
		9415C17217319BF9003454F7 /* Build configuration list for PBXNativeTarget "Rivet" */ = {
			isa = XCConfigurationList;
			buildConfigurations = (
				9415C17317319BF9003454F7 /* Debug */,
				9415C17417319BF9003454F7 /* Release */,
			);
			defaultConfigurationIsVisible = 0;
			defaultConfigurationName = Release;
		};
		9415C17517319BF9003454F7 /* Build configuration list for PBXNativeTarget "Specs" */ = {
			isa = XCConfigurationList;
			buildConfigurations = (
				9415C17617319BF9003454F7 /* Debug */,
				9415C17717319BF9003454F7 /* Release */,
			);
			defaultConfigurationIsVisible = 0;
			defaultConfigurationName = Release;
		};
/* End XCConfigurationList section */
	};
	rootObject = 9415C14517319BF9003454F7 /* Project object */;
}
